
Microsoft Visual Studio Solution File, Format Version 12.00
# Visual Studio 14
VisualStudioVersion = 14.0.25420.1
MinimumVisualStudioVersion = 10.0.40219.1
Project("{FAE04EC0-301F-11D3-BF4B-00C04F79EFBC}") = "Nuget", "NuGet\Nuget.csproj", "{63786CE5-D899-43DF-AD4E-C2CA3BAC3FC2}"
EndProject
Project("{2150E333-8FDC-42A3-9474-1A3956D46DE8}") = "Solution Items", "Solution Items", "{BE388D8F-BDDF-42F9-8356-876FF834F5F9}"
	ProjectSection(SolutionItems) = preProject
		SharedAssemblyInfo.cs = SharedAssemblyInfo.cs
		SharedKey.snk = SharedKey.snk
	EndProjectSection
EndProject
Project("{FAE04EC0-301F-11D3-BF4B-00C04F79EFBC}") = "Yodii.Model", "Yodii.Model\Yodii.Model.csproj", "{DB68716F-9883-433A-928D-AA597D377C9C}"
EndProject
Project("{FAE04EC0-301F-11D3-BF4B-00C04F79EFBC}") = "YodiiStaticProxy.Fody", "YodiiStaticProxy.Fody\YodiiStaticProxy.Fody.csproj", "{6653E119-5D7E-42A7-9389-E60497142836}"
EndProject
Project("{2150E333-8FDC-42A3-9474-1A3956D46DE8}") = "Tests", "Tests", "{546CEDDE-AE22-471D-B592-66835728C626}"
EndProject
Project("{FAE04EC0-301F-11D3-BF4B-00C04F79EFBC}") = "Tests", "Tests\Tests\Tests.csproj", "{5A86453B-96FB-4B6E-A283-225BB9F753D3}"
	ProjectSection(ProjectDependencies) = postProject
		{1F07E92F-AC71-43FC-8B75-8B15FDF0B845} = {1F07E92F-AC71-43FC-8B75-8B15FDF0B845}
	EndProjectSection
EndProject
Project("{FAE04EC0-301F-11D3-BF4B-00C04F79EFBC}") = "ServiceAssemblyOne", "Tests\ServiceAssemblyOne\ServiceAssemblyOne.csproj", "{1F07E92F-AC71-43FC-8B75-8B15FDF0B845}"
EndProject
Global
	GlobalSection(SolutionConfigurationPlatforms) = preSolution
		Debug|Any CPU = Debug|Any CPU
		Debug|x86 = Debug|x86
		Release|Any CPU = Release|Any CPU
		Release|x86 = Release|x86
	EndGlobalSection
	GlobalSection(ProjectConfigurationPlatforms) = postSolution
		{63786CE5-D899-43DF-AD4E-C2CA3BAC3FC2}.Debug|Any CPU.ActiveCfg = Debug|Any CPU
		{63786CE5-D899-43DF-AD4E-C2CA3BAC3FC2}.Debug|Any CPU.Build.0 = Debug|Any CPU
		{63786CE5-D899-43DF-AD4E-C2CA3BAC3FC2}.Debug|x86.ActiveCfg = Debug|Any CPU
		{63786CE5-D899-43DF-AD4E-C2CA3BAC3FC2}.Release|Any CPU.ActiveCfg = Release|Any CPU
		{63786CE5-D899-43DF-AD4E-C2CA3BAC3FC2}.Release|Any CPU.Build.0 = Release|Any CPU
		{63786CE5-D899-43DF-AD4E-C2CA3BAC3FC2}.Release|x86.ActiveCfg = Release|Any CPU
		{DB68716F-9883-433A-928D-AA597D377C9C}.Debug|Any CPU.ActiveCfg = Debug|Any CPU
		{DB68716F-9883-433A-928D-AA597D377C9C}.Debug|Any CPU.Build.0 = Debug|Any CPU
		{DB68716F-9883-433A-928D-AA597D377C9C}.Debug|x86.ActiveCfg = Debug|Any CPU
		{DB68716F-9883-433A-928D-AA597D377C9C}.Debug|x86.Build.0 = Debug|Any CPU
		{DB68716F-9883-433A-928D-AA597D377C9C}.Release|Any CPU.ActiveCfg = Release|Any CPU
		{DB68716F-9883-433A-928D-AA597D377C9C}.Release|Any CPU.Build.0 = Release|Any CPU
		{DB68716F-9883-433A-928D-AA597D377C9C}.Release|x86.ActiveCfg = Release|Any CPU
		{DB68716F-9883-433A-928D-AA597D377C9C}.Release|x86.Build.0 = Release|Any CPU
		{6653E119-5D7E-42A7-9389-E60497142836}.Debug|Any CPU.ActiveCfg = Debug|Any CPU
		{6653E119-5D7E-42A7-9389-E60497142836}.Debug|Any CPU.Build.0 = Debug|Any CPU
		{6653E119-5D7E-42A7-9389-E60497142836}.Debug|x86.ActiveCfg = Debug|Any CPU
		{6653E119-5D7E-42A7-9389-E60497142836}.Debug|x86.Build.0 = Debug|Any CPU
		{6653E119-5D7E-42A7-9389-E60497142836}.Release|Any CPU.ActiveCfg = Release|Any CPU
		{6653E119-5D7E-42A7-9389-E60497142836}.Release|Any CPU.Build.0 = Release|Any CPU
		{6653E119-5D7E-42A7-9389-E60497142836}.Release|x86.ActiveCfg = Release|Any CPU
		{6653E119-5D7E-42A7-9389-E60497142836}.Release|x86.Build.0 = Release|Any CPU
		{5A86453B-96FB-4B6E-A283-225BB9F753D3}.Debug|Any CPU.ActiveCfg = Debug|Any CPU
		{5A86453B-96FB-4B6E-A283-225BB9F753D3}.Debug|Any CPU.Build.0 = Debug|Any CPU
		{5A86453B-96FB-4B6E-A283-225BB9F753D3}.Debug|x86.ActiveCfg = Debug|Any CPU
		{5A86453B-96FB-4B6E-A283-225BB9F753D3}.Debug|x86.Build.0 = Debug|Any CPU
		{5A86453B-96FB-4B6E-A283-225BB9F753D3}.Release|Any CPU.ActiveCfg = Release|Any CPU
		{5A86453B-96FB-4B6E-A283-225BB9F753D3}.Release|Any CPU.Build.0 = Release|Any CPU
		{5A86453B-96FB-4B6E-A283-225BB9F753D3}.Release|x86.ActiveCfg = Release|Any CPU
		{5A86453B-96FB-4B6E-A283-225BB9F753D3}.Release|x86.Build.0 = Release|Any CPU
		{1F07E92F-AC71-43FC-8B75-8B15FDF0B845}.Debug|Any CPU.ActiveCfg = Debug|Any CPU
		{1F07E92F-AC71-43FC-8B75-8B15FDF0B845}.Debug|Any CPU.Build.0 = Debug|Any CPU
		{1F07E92F-AC71-43FC-8B75-8B15FDF0B845}.Debug|x86.ActiveCfg = Debug|Any CPU
		{1F07E92F-AC71-43FC-8B75-8B15FDF0B845}.Debug|x86.Build.0 = Debug|Any CPU
		{1F07E92F-AC71-43FC-8B75-8B15FDF0B845}.Release|Any CPU.ActiveCfg = Release|Any CPU
		{1F07E92F-AC71-43FC-8B75-8B15FDF0B845}.Release|Any CPU.Build.0 = Release|Any CPU
		{1F07E92F-AC71-43FC-8B75-8B15FDF0B845}.Release|x86.ActiveCfg = Release|Any CPU
		{1F07E92F-AC71-43FC-8B75-8B15FDF0B845}.Release|x86.Build.0 = Release|Any CPU
	EndGlobalSection
	GlobalSection(SolutionProperties) = preSolution
		HideSolutionNode = FALSE
	EndGlobalSection
	GlobalSection(NestedProjects) = preSolution
		{5A86453B-96FB-4B6E-A283-225BB9F753D3} = {546CEDDE-AE22-471D-B592-66835728C626}
		{1F07E92F-AC71-43FC-8B75-8B15FDF0B845} = {546CEDDE-AE22-471D-B592-66835728C626}
	EndGlobalSection
EndGlobal
